
Microsoft Visual Studio Solution File, Format Version 12.00
# Visual Studio 15
VisualStudioVersion = 15.0.28307.572
MinimumVisualStudioVersion = 10.0.40219.1
Project("{8BC9CEB8-8B4A-11D0-8D11-00A0C91BC942}") = "GladOutLibrary", "GladOutLibrary\GladOutLibrary.vcxproj", "{55A71AC2-2B3E-4014-A792-71007520E9BA}"
EndProject
Project("{8BC9CEB8-8B4A-11D0-8D11-00A0C91BC942}") = "LearningOpenGL", "LearningOpenGL\LearningOpenGL.vcxproj", "{69BF31E4-04A6-425D-8959-68F73CE7D89C}"
EndProject
Project("{8BC9CEB8-8B4A-11D0-8D11-00A0C91BC942}") = "ReleaseQuantumCloudAI", "ReleaseQuantumCloudAI\ReleaseQuantumCloudAI.vcxproj", "{834FDF65-6A2B-46B4-B2F3-63A95242A30C}"
EndProject
Global
	GlobalSection(SolutionConfigurationPlatforms) = preSolution
		Debug|Any CPU = Debug|Any CPU
		Debug|x64 = Debug|x64
		Debug|x86 = Debug|x86
		Release|Any CPU = Release|Any CPU
		Release|x64 = Release|x64
		Release|x86 = Release|x86
	EndGlobalSection
	GlobalSection(ProjectConfigurationPlatforms) = postSolution
		{55A71AC2-2B3E-4014-A792-71007520E9BA}.Debug|Any CPU.ActiveCfg = Debug|Win32
		{55A71AC2-2B3E-4014-A792-71007520E9BA}.Debug|x64.ActiveCfg = Debug|x64
		{55A71AC2-2B3E-4014-A792-71007520E9BA}.Debug|x64.Build.0 = Debug|x64
		{55A71AC2-2B3E-4014-A792-71007520E9BA}.Debug|x86.ActiveCfg = Debug|Win32
		{55A71AC2-2B3E-4014-A792-71007520E9BA}.Debug|x86.Build.0 = Debug|Win32
		{55A71AC2-2B3E-4014-A792-71007520E9BA}.Release|Any CPU.ActiveCfg = Release|Win32
		{55A71AC2-2B3E-4014-A792-71007520E9BA}.Release|x64.ActiveCfg = Release|x64
		{55A71AC2-2B3E-4014-A792-71007520E9BA}.Release|x64.Build.0 = Release|x64
		{55A71AC2-2B3E-4014-A792-71007520E9BA}.Release|x86.ActiveCfg = Release|Win32
		{55A71AC2-2B3E-4014-A792-71007520E9BA}.Release|x86.Build.0 = Release|Win32
		{69BF31E4-04A6-425D-8959-68F73CE7D89C}.Debug|Any CPU.ActiveCfg = Debug|Win32
		{69BF31E4-04A6-425D-8959-68F73CE7D89C}.Debug|x64.ActiveCfg = Debug|x64
		{69BF31E4-04A6-425D-8959-68F73CE7D89C}.Debug|x64.Build.0 = Debug|x64
		{69BF31E4-04A6-425D-8959-68F73CE7D89C}.Debug|x86.ActiveCfg = Debug|Win32
		{69BF31E4-04A6-425D-8959-68F73CE7D89C}.Debug|x86.Build.0 = Debug|Win32
		{69BF31E4-04A6-425D-8959-68F73CE7D89C}.Release|Any CPU.ActiveCfg = Release|Win32
		{69BF31E4-04A6-425D-8959-68F73CE7D89C}.Release|x64.ActiveCfg = Release|x64
		{69BF31E4-04A6-425D-8959-68F73CE7D89C}.Release|x64.Build.0 = Release|x64
		{69BF31E4-04A6-425D-8959-68F73CE7D89C}.Release|x86.ActiveCfg = Release|Win32
		{69BF31E4-04A6-425D-8959-68F73CE7D89C}.Release|x86.Build.0 = Release|Win32
		{834FDF65-6A2B-46B4-B2F3-63A95242A30C}.Debug|Any CPU.ActiveCfg = Debug|Win32
		{834FDF65-6A2B-46B4-B2F3-63A95242A30C}.Debug|x64.ActiveCfg = Debug|x64
		{834FDF65-6A2B-46B4-B2F3-63A95242A30C}.Debug|x64.Build.0 = Debug|x64
		{834FDF65-6A2B-46B4-B2F3-63A95242A30C}.Debug|x86.ActiveCfg = Debug|Win32
		{834FDF65-6A2B-46B4-B2F3-63A95242A30C}.Debug|x86.Build.0 = Debug|Win32
		{834FDF65-6A2B-46B4-B2F3-63A95242A30C}.Release|Any CPU.ActiveCfg = Release|Win32
		{834FDF65-6A2B-46B4-B2F3-63A95242A30C}.Release|x64.ActiveCfg = Release|x64
		{834FDF65-6A2B-46B4-B2F3-63A95242A30C}.Release|x64.Build.0 = Release|x64
		{834FDF65-6A2B-46B4-B2F3-63A95242A30C}.Release|x86.ActiveCfg = Release|Win32
		{834FDF65-6A2B-46B4-B2F3-63A95242A30C}.Release|x86.Build.0 = Release|Win32
	EndGlobalSection
	GlobalSection(SolutionProperties) = preSolution
		HideSolutionNode = FALSE
	EndGlobalSection
	GlobalSection(ExtensibilityGlobals) = postSolution
		SolutionGuid = {AF171ACC-1201-44A9-BB11-FABA4BA0879C}
	EndGlobalSection
EndGlobal
