<?xml version="1.0" encoding="utf-8"?>
<Project ToolsVersion="4.0" xmlns="http://schemas.microsoft.com/developer/msbuild/2003">
  <ItemGroup>
    <Filter Include="源文件">
      <UniqueIdentifier>{4FC737F1-C7A5-4376-A066-2A32D752A2FF}</UniqueIdentifier>
      <Extensions>cpp;c;cc;cxx;def;odl;idl;hpj;bat;asm;asmx</Extensions>
    </Filter>
    <Filter Include="头文件">
      <UniqueIdentifier>{93995380-89BD-4b04-88EB-625FBE52EBFB}</UniqueIdentifier>
      <Extensions>h;hh;hpp;hxx;hm;inl;inc;ipp;xsd</Extensions>
    </Filter>
    <Filter Include="资源文件">
      <UniqueIdentifier>{67DA6AB6-F800-4c08-8B7A-83BB121AAD01}</UniqueIdentifier>
      <Extensions>rc;ico;cur;bmp;dlg;rc2;rct;bin;rgs;gif;jpg;jpeg;jpe;resx;tiff;tif;png;wav;mfcribbon-ms</Extensions>
    </Filter>
    <Filter Include="资源文件\resource">
      <UniqueIdentifier>{4616eb89-69aa-4610-b567-6a88ee62aab7}</UniqueIdentifier>
    </Filter>
    <Filter Include="资源文件\resource\texture">
      <UniqueIdentifier>{6ed38f73-289e-404c-95f8-547883fc0ae1}</UniqueIdentifier>
    </Filter>
    <Filter Include="资源文件\resource\shader">
      <UniqueIdentifier>{588255bf-d9e6-42d6-b32b-40c186875f39}</UniqueIdentifier>
    </Filter>
    <Filter Include="Include">
      <UniqueIdentifier>{17aa48f2-be6f-45e3-a9d2-6303da4d1bb9}</UniqueIdentifier>
    </Filter>
  </ItemGroup>
  <ItemGroup>
    <ClCompile Include="Learning_0515.cpp">
      <Filter>源文件</Filter>
    </ClCompile>
    <ClCompile Include="Learning_0620.cpp">
      <Filter>源文件</Filter>
    </ClCompile>
    <ClCompile Include="Learning_0822.cpp">
      <Filter>源文件</Filter>
    </ClCompile>
    <ClCompile Include="ShaderMgr.cpp">
      <Filter>源文件</Filter>
    </ClCompile>
    <ClCompile Include="Learning_0827.cpp">
      <Filter>源文件</Filter>
    </ClCompile>
    <ClCompile Include="Learning_0830.cpp">
      <Filter>源文件</Filter>
    </ClCompile>
    <ClCompile Include="Learning_0902.cpp">
      <Filter>源文件</Filter>
    </ClCompile>
    <ClCompile Include="Learning_0909.cpp">
      <Filter>源文件</Filter>
    </ClCompile>
    <ClCompile Include="Learning_0910.cpp">
      <Filter>源文件</Filter>
    </ClCompile>
    <ClCompile Include="Learning_0912.cpp">
      <Filter>源文件</Filter>
    </ClCompile>
    <ClCompile Include="Learning_0917.cpp">
      <Filter>源文件</Filter>
    </ClCompile>
    <ClCompile Include="Learning_0920.cpp">
      <Filter>源文件</Filter>
    </ClCompile>
    <ClCompile Include="Learning_0925.cpp">
      <Filter>源文件</Filter>
    </ClCompile>
    <ClCompile Include="Learning_1015.cpp">
      <Filter>源文件</Filter>
    </ClCompile>
    <ClCompile Include="Camera.cpp">
      <Filter>源文件</Filter>
    </ClCompile>
    <ClCompile Include="Learning_1023.cpp">
      <Filter>源文件</Filter>
    </ClCompile>
    <ClCompile Include="Learning_1028.cpp">
      <Filter>源文件</Filter>
    </ClCompile>
    <ClCompile Include="Learning_1105.cpp">
      <Filter>源文件</Filter>
    </ClCompile>
  </ItemGroup>
  <ItemGroup>
    <ClInclude Include="ShaderMgr.h">
      <Filter>头文件</Filter>
    </ClInclude>
    <ClInclude Include="resource.h">
      <Filter>头文件</Filter>
    </ClInclude>
    <ClInclude Include="Include\stb_image.h">
      <Filter>Include</Filter>
    </ClInclude>
    <ClInclude Include="Camera.h">
      <Filter>头文件</Filter>
    </ClInclude>
  </ItemGroup>
  <ItemGroup>
    <ResourceCompile Include="LearningOpenGL.rc">
      <Filter>资源文件</Filter>
    </ResourceCompile>
  </ItemGroup>
  <ItemGroup>
    <Image Include="resource\texture\wall.jpg">
      <Filter>资源文件\resource\texture</Filter>
    </Image>
    <Image Include="resource\texture\awesomeface.png">
      <Filter>资源文件\resource\texture</Filter>
    </Image>
  </ItemGroup>
  <ItemGroup>
    <None Include="resource\shader\Learning_0902_Texture.frag">
      <Filter>资源文件\resource\shader</Filter>
    </None>
    <None Include="resource\shader\Learning_0902_Texture.vert">
      <Filter>资源文件\resource\shader</Filter>
    </None>
    <None Include="resource\shader\Triangle.frag">
      <Filter>资源文件\resource\shader</Filter>
    </None>
    <None Include="resource\shader\Triangle.vert">
      <Filter>资源文件\resource\shader</Filter>
    </None>
    <None Include="resource\shader\Triangle_Out_Pos.frag">
      <Filter>资源文件\resource\shader</Filter>
    </None>
    <None Include="resource\shader\Triangle_Out_Pos.vert">
      <Filter>资源文件\resource\shader</Filter>
    </None>
    <None Include="resource\shader\Triangle_Yellow.frag">
      <Filter>资源文件\resource\shader</Filter>
    </None>
    <None Include="resource\shader\Learning_0910_Texture.frag">
      <Filter>资源文件\resource\shader</Filter>
    </None>
    <None Include="resource\shader\Learning_0910_Texture_Question4.frag">
      <Filter>资源文件\resource\shader</Filter>
    </None>
    <None Include="resource\shader\Learning_0917_Texture_Transform.frag">
      <Filter>资源文件\resource\shader</Filter>
    </None>
    <None Include="resource\shader\Learning_0917_Texture_Transform.vert">
      <Filter>资源文件\resource\shader</Filter>
    </None>
    <None Include="resource\shader\6.2.coordinate_systems.frag">
      <Filter>资源文件\resource\shader</Filter>
    </None>
    <None Include="resource\shader\6.2.coordinate_systems.vert">
      <Filter>资源文件\resource\shader</Filter>
    </None>
    <None Include="resource\shader\camera_1015.frag">
      <Filter>资源文件\resource\shader</Filter>
    </None>
    <None Include="resource\shader\camera_1015.vert">
      <Filter>资源文件\resource\shader</Filter>
    </None>
    <None Include="resource\shader\1023_light.frag">
      <Filter>资源文件\resource\shader</Filter>
    </None>
    <None Include="resource\shader\1023_light.vert">
      <Filter>资源文件\resource\shader</Filter>
    </None>
    <None Include="resource\shader\1023_pawn.vert">
      <Filter>资源文件\resource\shader</Filter>
    </None>
    <None Include="resource\shader\1023_pawn.frag">
      <Filter>资源文件\resource\shader</Filter>
    </None>
    <None Include="resource\shader\1028_light.frag" />
    <None Include="resource\shader\1028_light.vert" />
    <None Include="resource\shader\1028_pawn.frag" />
    <None Include="resource\shader\1028_pawn.vert" />
  </ItemGroup>
</Project>